// !$*UTF8*$!
{
	archiveVersion = 1;
	classes = {
	};
	objectVersion = 46;
	objects = {

/* Begin PBXBuildFile section */
		6002030D1FF6BFA200F2B996 /* IAPManager.m in Sources */ = {isa = PBXBuildFile; fileRef = 6002030C1FF6BFA200F2B996 /* IAPManager.m */; };
		6034FFC21FF306F000C1CE8B /* UIImage+BackgroundColor.m in Sources */ = {isa = PBXBuildFile; fileRef = 6034FFC01FF306F000C1CE8B /* UIImage+BackgroundColor.m */; };
		604A3CB61FF342B200E1FB45 /* SettingsViewController.m in Sources */ = {isa = PBXBuildFile; fileRef = 604A3CB51FF342B200E1FB45 /* SettingsViewController.m */; };
		607EA8181FF60A7A0025ADD6 /* NSArray+Payments.m in Sources */ = {isa = PBXBuildFile; fileRef = 607EA8171FF60A7A0025ADD6 /* NSArray+Payments.m */; };
		6091CCC71FF96EAF002C9634 /* ThemeManager.m in Sources */ = {isa = PBXBuildFile; fileRef = 6091CCC61FF96EAF002C9634 /* ThemeManager.m */; };
		6091CCCA1FF96EC9002C9634 /* DarkTheme.m in Sources */ = {isa = PBXBuildFile; fileRef = 6091CCC91FF96EC9002C9634 /* DarkTheme.m */; };
		6091CCCD1FF96ED3002C9634 /* LightTheme.m in Sources */ = {isa = PBXBuildFile; fileRef = 6091CCCC1FF96ED3002C9634 /* LightTheme.m */; };
		609872361FF431BD00F324FB /* StoreKit.framework in Frameworks */ = {isa = PBXBuildFile; fileRef = 609872351FF431BD00F324FB /* StoreKit.framework */; };
		609872421FF45DD600F324FB /* AppCoordinator.m in Sources */ = {isa = PBXBuildFile; fileRef = 609872411FF45DD600F324FB /* AppCoordinator.m */; };
		609872451FF4698E00F324FB /* RootCoordinator.m in Sources */ = {isa = PBXBuildFile; fileRef = 609872441FF4698E00F324FB /* RootCoordinator.m */; };
		609872481FF4705C00F324FB /* RootViewController.m in Sources */ = {isa = PBXBuildFile; fileRef = 609872471FF4705C00F324FB /* RootViewController.m */; };
		6098724B1FF4766B00F324FB /* SettingsCoordinator.m in Sources */ = {isa = PBXBuildFile; fileRef = 6098724A1FF4766B00F324FB /* SettingsCoordinator.m */; };
		609B43F21FF57FBC008C4B57 /* WatchCases.m in Sources */ = {isa = PBXBuildFile; fileRef = 609B43F11FF57FBC008C4B57 /* WatchCases.m */; };
		609D07CE1E88123B00D0B840 /* main.m in Sources */ = {isa = PBXBuildFile; fileRef = 609D07CD1E88123B00D0B840 /* main.m */; };
		609D07D11E88123B00D0B840 /* AppDelegate.m in Sources */ = {isa = PBXBuildFile; fileRef = 609D07D01E88123B00D0B840 /* AppDelegate.m */; };
		609D07D91E88123B00D0B840 /* Assets.xcassets in Resources */ = {isa = PBXBuildFile; fileRef = 609D07D81E88123B00D0B840 /* Assets.xcassets */; };
		609D07DC1E88123B00D0B840 /* LaunchScreen.storyboard in Resources */ = {isa = PBXBuildFile; fileRef = 609D07DA1E88123B00D0B840 /* LaunchScreen.storyboard */; };
		609D07E51E88569900D0B840 /* AssetsLibrary.framework in Frameworks */ = {isa = PBXBuildFile; fileRef = 609D07E41E88569900D0B840 /* AssetsLibrary.framework */; };
		609D07EE1E88674700D0B840 /* MainWindow.xib in Resources */ = {isa = PBXBuildFile; fileRef = 609D07ED1E88674700D0B840 /* MainWindow.xib */; };
		60BE77901FEF0B0400F176C8 /* QuartzCore.framework in Frameworks */ = {isa = PBXBuildFile; fileRef = 60BE778F1FEF0B0400F176C8 /* QuartzCore.framework */; };
		60BE77921FEF0B1100F176C8 /* CoreGraphics.framework in Frameworks */ = {isa = PBXBuildFile; fileRef = 60BE77911FEF0B1100F176C8 /* CoreGraphics.framework */; };
		60BE77941FEF0B2900F176C8 /* Accelerate.framework in Frameworks */ = {isa = PBXBuildFile; fileRef = 60BE77931FEF0B2900F176C8 /* Accelerate.framework */; };
		60BE77961FEF0B3800F176C8 /* Foundation.framework in Frameworks */ = {isa = PBXBuildFile; fileRef = 60BE77951FEF0B3800F176C8 /* Foundation.framework */; };
		60BE77981FEF0B3D00F176C8 /* UIKit.framework in Frameworks */ = {isa = PBXBuildFile; fileRef = 60BE77971FEF0B3D00F176C8 /* UIKit.framework */; };
		60BE77B21FF0687D00F176C8 /* settings-icon@3x.png in Resources */ = {isa = PBXBuildFile; fileRef = 60BE77AF1FF0687D00F176C8 /* settings-icon@3x.png */; };
		60BE77B31FF0687D00F176C8 /* settings-icon.png in Resources */ = {isa = PBXBuildFile; fileRef = 60BE77B01FF0687D00F176C8 /* settings-icon.png */; };
		60BE77B41FF0687D00F176C8 /* settings-icon@2x.png in Resources */ = {isa = PBXBuildFile; fileRef = 60BE77B11FF0687D00F176C8 /* settings-icon@2x.png */; };
		60CAA2B81FF3595B00497FEB /* watch_black_stainless_steel.png in Resources */ = {isa = PBXBuildFile; fileRef = 60CAA2B21FF3595A00497FEB /* watch_black_stainless_steel.png */; };
		60CAA2B91FF3595B00497FEB /* watch_rose_aluminum.png in Resources */ = {isa = PBXBuildFile; fileRef = 60CAA2B31FF3595A00497FEB /* watch_rose_aluminum.png */; };
		60CAA2BA1FF3595B00497FEB /* watch_gold_aluminum.png in Resources */ = {isa = PBXBuildFile; fileRef = 60CAA2B41FF3595A00497FEB /* watch_gold_aluminum.png */; };
		60CAA2BB1FF3595B00497FEB /* watch_silver_aluminum.png in Resources */ = {isa = PBXBuildFile; fileRef = 60CAA2B51FF3595A00497FEB /* watch_silver_aluminum.png */; };
		60CAA2BC1FF3595B00497FEB /* watch_space_gray_aluminum.png in Resources */ = {isa = PBXBuildFile; fileRef = 60CAA2B61FF3595B00497FEB /* watch_space_gray_aluminum.png */; };
		60CAA2BD1FF3595B00497FEB /* watch_stainless_steel.png in Resources */ = {isa = PBXBuildFile; fileRef = 60CAA2B71FF3595B00497FEB /* watch_stainless_steel.png */; };
/* End PBXBuildFile section */

/* Begin PBXFileReference section */
		6002030B1FF6BFA200F2B996 /* IAPManager.h */ = {isa = PBXFileReference; lastKnownFileType = sourcecode.c.h; path = IAPManager.h; sourceTree = "<group>"; };
		6002030C1FF6BFA200F2B996 /* IAPManager.m */ = {isa = PBXFileReference; lastKnownFileType = sourcecode.c.objc; path = IAPManager.m; sourceTree = "<group>"; };
		6034FFC01FF306F000C1CE8B /* UIImage+BackgroundColor.m */ = {isa = PBXFileReference; fileEncoding = 4; lastKnownFileType = sourcecode.c.objc; path = "UIImage+BackgroundColor.m"; sourceTree = "<group>"; };
		6034FFC11FF306F000C1CE8B /* UIImage+BackgroundColor.h */ = {isa = PBXFileReference; fileEncoding = 4; lastKnownFileType = sourcecode.c.h; path = "UIImage+BackgroundColor.h"; sourceTree = "<group>"; };
		604A3CB41FF342B200E1FB45 /* SettingsViewController.h */ = {isa = PBXFileReference; lastKnownFileType = sourcecode.c.h; path = SettingsViewController.h; sourceTree = "<group>"; };
		604A3CB51FF342B200E1FB45 /* SettingsViewController.m */ = {isa = PBXFileReference; lastKnownFileType = sourcecode.c.objc; path = SettingsViewController.m; sourceTree = "<group>"; };
		607EA8161FF60A7A0025ADD6 /* NSArray+Payments.h */ = {isa = PBXFileReference; lastKnownFileType = sourcecode.c.h; path = "NSArray+Payments.h"; sourceTree = "<group>"; };
		607EA8171FF60A7A0025ADD6 /* NSArray+Payments.m */ = {isa = PBXFileReference; lastKnownFileType = sourcecode.c.objc; path = "NSArray+Payments.m"; sourceTree = "<group>"; };
		6091CCC51FF96EAF002C9634 /* ThemeManager.h */ = {isa = PBXFileReference; lastKnownFileType = sourcecode.c.h; path = ThemeManager.h; sourceTree = "<group>"; };
		6091CCC61FF96EAF002C9634 /* ThemeManager.m */ = {isa = PBXFileReference; lastKnownFileType = sourcecode.c.objc; path = ThemeManager.m; sourceTree = "<group>"; };
		6091CCC81FF96EC9002C9634 /* DarkTheme.h */ = {isa = PBXFileReference; lastKnownFileType = sourcecode.c.h; path = DarkTheme.h; sourceTree = "<group>"; };
		6091CCC91FF96EC9002C9634 /* DarkTheme.m */ = {isa = PBXFileReference; lastKnownFileType = sourcecode.c.objc; path = DarkTheme.m; sourceTree = "<group>"; };
		6091CCCB1FF96ED3002C9634 /* LightTheme.h */ = {isa = PBXFileReference; lastKnownFileType = sourcecode.c.h; path = LightTheme.h; sourceTree = "<group>"; };
		6091CCCC1FF96ED3002C9634 /* LightTheme.m */ = {isa = PBXFileReference; lastKnownFileType = sourcecode.c.objc; path = LightTheme.m; sourceTree = "<group>"; };
		6091CCD01FF96F48002C9634 /* Theme.h */ = {isa = PBXFileReference; lastKnownFileType = sourcecode.c.h; path = Theme.h; sourceTree = "<group>"; };
		609872351FF431BD00F324FB /* StoreKit.framework */ = {isa = PBXFileReference; lastKnownFileType = wrapper.framework; name = StoreKit.framework; path = System/Library/Frameworks/StoreKit.framework; sourceTree = SDKROOT; };
		609872401FF45DD600F324FB /* AppCoordinator.h */ = {isa = PBXFileReference; lastKnownFileType = sourcecode.c.h; path = AppCoordinator.h; sourceTree = "<group>"; };
		609872411FF45DD600F324FB /* AppCoordinator.m */ = {isa = PBXFileReference; lastKnownFileType = sourcecode.c.objc; path = AppCoordinator.m; sourceTree = "<group>"; };
		609872431FF4698E00F324FB /* RootCoordinator.h */ = {isa = PBXFileReference; lastKnownFileType = sourcecode.c.h; path = RootCoordinator.h; sourceTree = "<group>"; };
		609872441FF4698E00F324FB /* RootCoordinator.m */ = {isa = PBXFileReference; lastKnownFileType = sourcecode.c.objc; path = RootCoordinator.m; sourceTree = "<group>"; };
		609872461FF4705C00F324FB /* RootViewController.h */ = {isa = PBXFileReference; lastKnownFileType = sourcecode.c.h; path = RootViewController.h; sourceTree = "<group>"; };
		609872471FF4705C00F324FB /* RootViewController.m */ = {isa = PBXFileReference; lastKnownFileType = sourcecode.c.objc; path = RootViewController.m; sourceTree = "<group>"; };
		609872491FF4766B00F324FB /* SettingsCoordinator.h */ = {isa = PBXFileReference; lastKnownFileType = sourcecode.c.h; path = SettingsCoordinator.h; sourceTree = "<group>"; };
		6098724A1FF4766B00F324FB /* SettingsCoordinator.m */ = {isa = PBXFileReference; lastKnownFileType = sourcecode.c.objc; path = SettingsCoordinator.m; sourceTree = "<group>"; };
		6098724C1FF4779C00F324FB /* RootViewControllerProtocols.h */ = {isa = PBXFileReference; lastKnownFileType = sourcecode.c.h; path = RootViewControllerProtocols.h; sourceTree = "<group>"; };
		6098724F1FF4875000F324FB /* SettingsViewControllerProtocols.h */ = {isa = PBXFileReference; lastKnownFileType = sourcecode.c.h; path = SettingsViewControllerProtocols.h; sourceTree = "<group>"; };
		609872501FF4912200F324FB /* SettingsCoordinatorProtocols.h */ = {isa = PBXFileReference; lastKnownFileType = sourcecode.c.h; path = SettingsCoordinatorProtocols.h; sourceTree = "<group>"; };
		609B43F01FF57FBC008C4B57 /* WatchCases.h */ = {isa = PBXFileReference; lastKnownFileType = sourcecode.c.h; path = WatchCases.h; sourceTree = "<group>"; };
		609B43F11FF57FBC008C4B57 /* WatchCases.m */ = {isa = PBXFileReference; lastKnownFileType = sourcecode.c.objc; path = WatchCases.m; sourceTree = "<group>"; };
		609D07C91E88123B00D0B840 /* WatchFrame.app */ = {isa = PBXFileReference; explicitFileType = wrapper.application; includeInIndex = 0; path = WatchFrame.app; sourceTree = BUILT_PRODUCTS_DIR; };
		609D07CD1E88123B00D0B840 /* main.m */ = {isa = PBXFileReference; lastKnownFileType = sourcecode.c.objc; path = main.m; sourceTree = "<group>"; };
		609D07CF1E88123B00D0B840 /* AppDelegate.h */ = {isa = PBXFileReference; lastKnownFileType = sourcecode.c.h; path = AppDelegate.h; sourceTree = "<group>"; };
		609D07D01E88123B00D0B840 /* AppDelegate.m */ = {isa = PBXFileReference; lastKnownFileType = sourcecode.c.objc; path = AppDelegate.m; sourceTree = "<group>"; };
		609D07D81E88123B00D0B840 /* Assets.xcassets */ = {isa = PBXFileReference; lastKnownFileType = folder.assetcatalog; path = Assets.xcassets; sourceTree = "<group>"; };
		609D07DB1E88123B00D0B840 /* Base */ = {isa = PBXFileReference; lastKnownFileType = file.storyboard; name = Base; path = Base.lproj/LaunchScreen.storyboard; sourceTree = "<group>"; };
		609D07DD1E88123B00D0B840 /* Info.plist */ = {isa = PBXFileReference; lastKnownFileType = text.plist.xml; path = Info.plist; sourceTree = "<group>"; };
		609D07E41E88569900D0B840 /* AssetsLibrary.framework */ = {isa = PBXFileReference; lastKnownFileType = wrapper.framework; name = AssetsLibrary.framework; path = System/Library/Frameworks/AssetsLibrary.framework; sourceTree = SDKROOT; };
		609D07ED1E88674700D0B840 /* MainWindow.xib */ = {isa = PBXFileReference; fileEncoding = 4; lastKnownFileType = file.xib; path = MainWindow.xib; sourceTree = "<group>"; };
		60BE778F1FEF0B0400F176C8 /* QuartzCore.framework */ = {isa = PBXFileReference; lastKnownFileType = wrapper.framework; name = QuartzCore.framework; path = System/Library/Frameworks/QuartzCore.framework; sourceTree = SDKROOT; };
		60BE77911FEF0B1100F176C8 /* CoreGraphics.framework */ = {isa = PBXFileReference; lastKnownFileType = wrapper.framework; name = CoreGraphics.framework; path = System/Library/Frameworks/CoreGraphics.framework; sourceTree = SDKROOT; };
		60BE77931FEF0B2900F176C8 /* Accelerate.framework */ = {isa = PBXFileReference; lastKnownFileType = wrapper.framework; name = Accelerate.framework; path = System/Library/Frameworks/Accelerate.framework; sourceTree = SDKROOT; };
		60BE77951FEF0B3800F176C8 /* Foundation.framework */ = {isa = PBXFileReference; lastKnownFileType = wrapper.framework; name = Foundation.framework; path = System/Library/Frameworks/Foundation.framework; sourceTree = SDKROOT; };
		60BE77971FEF0B3D00F176C8 /* UIKit.framework */ = {isa = PBXFileReference; lastKnownFileType = wrapper.framework; name = UIKit.framework; path = System/Library/Frameworks/UIKit.framework; sourceTree = SDKROOT; };
		60BE77AF1FF0687D00F176C8 /* settings-icon@3x.png */ = {isa = PBXFileReference; lastKnownFileType = image.png; path = "settings-icon@3x.png"; sourceTree = "<group>"; };
		60BE77B01FF0687D00F176C8 /* settings-icon.png */ = {isa = PBXFileReference; lastKnownFileType = image.png; path = "settings-icon.png"; sourceTree = "<group>"; };
		60BE77B11FF0687D00F176C8 /* settings-icon@2x.png */ = {isa = PBXFileReference; lastKnownFileType = image.png; path = "settings-icon@2x.png"; sourceTree = "<group>"; };
		60CAA2B21FF3595A00497FEB /* watch_black_stainless_steel.png */ = {isa = PBXFileReference; lastKnownFileType = image.png; path = watch_black_stainless_steel.png; sourceTree = "<group>"; };
		60CAA2B31FF3595A00497FEB /* watch_rose_aluminum.png */ = {isa = PBXFileReference; lastKnownFileType = image.png; path = watch_rose_aluminum.png; sourceTree = "<group>"; };
		60CAA2B41FF3595A00497FEB /* watch_gold_aluminum.png */ = {isa = PBXFileReference; lastKnownFileType = image.png; path = watch_gold_aluminum.png; sourceTree = "<group>"; };
		60CAA2B51FF3595A00497FEB /* watch_silver_aluminum.png */ = {isa = PBXFileReference; lastKnownFileType = image.png; path = watch_silver_aluminum.png; sourceTree = "<group>"; };
		60CAA2B61FF3595B00497FEB /* watch_space_gray_aluminum.png */ = {isa = PBXFileReference; lastKnownFileType = image.png; path = watch_space_gray_aluminum.png; sourceTree = "<group>"; };
		60CAA2B71FF3595B00497FEB /* watch_stainless_steel.png */ = {isa = PBXFileReference; lastKnownFileType = image.png; path = watch_stainless_steel.png; sourceTree = "<group>"; };
/* End PBXFileReference section */

/* Begin PBXFrameworksBuildPhase section */
		609D07C61E88123B00D0B840 /* Frameworks */ = {
			isa = PBXFrameworksBuildPhase;
			buildActionMask = 2147483647;
			files = (
				60BE77981FEF0B3D00F176C8 /* UIKit.framework in Frameworks */,
				609872361FF431BD00F324FB /* StoreKit.framework in Frameworks */,
				60BE77961FEF0B3800F176C8 /* Foundation.framework in Frameworks */,
				60BE77941FEF0B2900F176C8 /* Accelerate.framework in Frameworks */,
				60BE77921FEF0B1100F176C8 /* CoreGraphics.framework in Frameworks */,
				60BE77901FEF0B0400F176C8 /* QuartzCore.framework in Frameworks */,
				609D07E51E88569900D0B840 /* AssetsLibrary.framework in Frameworks */,
			);
			runOnlyForDeploymentPostprocessing = 0;
		};
/* End PBXFrameworksBuildPhase section */

/* Begin PBXGroup section */
		6002030A1FF6BF6A00F2B996 /* Services */ = {
			isa = PBXGroup;
			children = (
				6002030B1FF6BFA200F2B996 /* IAPManager.h */,
				6002030C1FF6BFA200F2B996 /* IAPManager.m */,
				6091CCC51FF96EAF002C9634 /* ThemeManager.h */,
				6091CCC61FF96EAF002C9634 /* ThemeManager.m */,
			);
			name = Services;
			sourceTree = "<group>";
		};
		6034FFC31FF306F800C1CE8B /* Categories */ = {
			isa = PBXGroup;
			children = (
				607EA8161FF60A7A0025ADD6 /* NSArray+Payments.h */,
				607EA8171FF60A7A0025ADD6 /* NSArray+Payments.m */,
				6034FFC11FF306F000C1CE8B /* UIImage+BackgroundColor.h */,
				6034FFC01FF306F000C1CE8B /* UIImage+BackgroundColor.m */,
			);
			name = Categories;
			sourceTree = "<group>";
		};
		6091CCCE1FF96F24002C9634 /* Watch Cases */ = {
			isa = PBXGroup;
			children = (
				609B43F01FF57FBC008C4B57 /* WatchCases.h */,
				609B43F11FF57FBC008C4B57 /* WatchCases.m */,
			);
			name = "Watch Cases";
			sourceTree = "<group>";
		};
		6091CCCF1FF96F31002C9634 /* Themes */ = {
			isa = PBXGroup;
			children = (
				6091CCD01FF96F48002C9634 /* Theme.h */,
				6091CCC81FF96EC9002C9634 /* DarkTheme.h */,
				6091CCC91FF96EC9002C9634 /* DarkTheme.m */,
				6091CCCB1FF96ED3002C9634 /* LightTheme.h */,
				6091CCCC1FF96ED3002C9634 /* LightTheme.m */,
			);
			name = Themes;
			sourceTree = "<group>";
		};
		609872371FF4446400F324FB /* Root */ = {
			isa = PBXGroup;
			children = (
				609872431FF4698E00F324FB /* RootCoordinator.h */,
				609872441FF4698E00F324FB /* RootCoordinator.m */,
				609872461FF4705C00F324FB /* RootViewController.h */,
				609872471FF4705C00F324FB /* RootViewController.m */,
				6098724C1FF4779C00F324FB /* RootViewControllerProtocols.h */,
			);
			name = Root;
			sourceTree = "<group>";
		};
		609872381FF4446D00F324FB /* Settings */ = {
			isa = PBXGroup;
			children = (
				609872491FF4766B00F324FB /* SettingsCoordinator.h */,
				6098724A1FF4766B00F324FB /* SettingsCoordinator.m */,
				609872501FF4912200F324FB /* SettingsCoordinatorProtocols.h */,
				604A3CB41FF342B200E1FB45 /* SettingsViewController.h */,
				604A3CB51FF342B200E1FB45 /* SettingsViewController.m */,
				6098724F1FF4875000F324FB /* SettingsViewControllerProtocols.h */,
			);
			name = Settings;
			sourceTree = "<group>";
		};
		6098723F1FF45D6D00F324FB /* Conveniences */ = {
			isa = PBXGroup;
			children = (
				6091CCCF1FF96F31002C9634 /* Themes */,
				6091CCCE1FF96F24002C9634 /* Watch Cases */,
			);
			name = Conveniences;
			sourceTree = "<group>";
		};
		609D07C01E88123B00D0B840 = {
			isa = PBXGroup;
			children = (
				609D07CB1E88123B00D0B840 /* WatchFrame */,
				609D07CA1E88123B00D0B840 /* Products */,
				609D07E31E88569900D0B840 /* Frameworks */,
			);
			sourceTree = "<group>";
		};
		609D07CA1E88123B00D0B840 /* Products */ = {
			isa = PBXGroup;
			children = (
				609D07C91E88123B00D0B840 /* WatchFrame.app */,
			);
			name = Products;
			sourceTree = "<group>";
		};
		609D07CB1E88123B00D0B840 /* WatchFrame */ = {
			isa = PBXGroup;
			children = (
				609D07CF1E88123B00D0B840 /* AppDelegate.h */,
				609D07D01E88123B00D0B840 /* AppDelegate.m */,
				609872401FF45DD600F324FB /* AppCoordinator.h */,
				609872411FF45DD600F324FB /* AppCoordinator.m */,
				6034FFC31FF306F800C1CE8B /* Categories */,
				6098723F1FF45D6D00F324FB /* Conveniences */,
				6002030A1FF6BF6A00F2B996 /* Services */,
				60BE77761FEC891400F176C8 /* Modules */,
				60BE77771FEC891D00F176C8 /* Resources */,
				609D07CC1E88123B00D0B840 /* Supporting Files */,
			);
			path = WatchFrame;
			sourceTree = "<group>";
		};
		609D07CC1E88123B00D0B840 /* Supporting Files */ = {
			isa = PBXGroup;
			children = (
				609D07D81E88123B00D0B840 /* Assets.xcassets */,
				609D07DD1E88123B00D0B840 /* Info.plist */,
				609D07DA1E88123B00D0B840 /* LaunchScreen.storyboard */,
				609D07ED1E88674700D0B840 /* MainWindow.xib */,
				609D07CD1E88123B00D0B840 /* main.m */,
			);
			name = "Supporting Files";
			sourceTree = "<group>";
		};
		609D07E31E88569900D0B840 /* Frameworks */ = {
			isa = PBXGroup;
			children = (
				609872351FF431BD00F324FB /* StoreKit.framework */,
				60BE77971FEF0B3D00F176C8 /* UIKit.framework */,
				60BE77951FEF0B3800F176C8 /* Foundation.framework */,
				60BE77931FEF0B2900F176C8 /* Accelerate.framework */,
				60BE77911FEF0B1100F176C8 /* CoreGraphics.framework */,
				60BE778F1FEF0B0400F176C8 /* QuartzCore.framework */,
				609D07E41E88569900D0B840 /* AssetsLibrary.framework */,
			);
			name = Frameworks;
			sourceTree = "<group>";
		};
		60BE77761FEC891400F176C8 /* Modules */ = {
			isa = PBXGroup;
			children = (
				609872371FF4446400F324FB /* Root */,
				609872381FF4446D00F324FB /* Settings */,
			);
			name = Modules;
			sourceTree = "<group>";
		};
		60BE77771FEC891D00F176C8 /* Resources */ = {
			isa = PBXGroup;
			children = (
				60BE77831FEC908E00F176C8 /* Images */,
			);
			name = Resources;
			sourceTree = "<group>";
		};
		60BE77831FEC908E00F176C8 /* Images */ = {
			isa = PBXGroup;
			children = (
				60BE77B01FF0687D00F176C8 /* settings-icon.png */,
				60BE77B11FF0687D00F176C8 /* settings-icon@2x.png */,
				60BE77AF1FF0687D00F176C8 /* settings-icon@3x.png */,
				60CAA2B71FF3595B00497FEB /* watch_stainless_steel.png */,
				60CAA2B21FF3595A00497FEB /* watch_black_stainless_steel.png */,
				60CAA2B31FF3595A00497FEB /* watch_rose_aluminum.png */,
				60CAA2B41FF3595A00497FEB /* watch_gold_aluminum.png */,
				60CAA2B61FF3595B00497FEB /* watch_space_gray_aluminum.png */,
				60CAA2B51FF3595A00497FEB /* watch_silver_aluminum.png */,
			);
			name = Images;
			sourceTree = "<group>";
		};
/* End PBXGroup section */

/* Begin PBXNativeTarget section */
		609D07C81E88123B00D0B840 /* WatchFrame */ = {
			isa = PBXNativeTarget;
			buildConfigurationList = 609D07E01E88123B00D0B840 /* Build configuration list for PBXNativeTarget "WatchFrame" */;
			buildPhases = (
				609D07C51E88123B00D0B840 /* Sources */,
				609D07C61E88123B00D0B840 /* Frameworks */,
				609D07C71E88123B00D0B840 /* Resources */,
			);
			buildRules = (
			);
			dependencies = (
			);
			name = WatchFrame;
			productName = "Frame It";
			productReference = 609D07C91E88123B00D0B840 /* WatchFrame.app */;
			productType = "com.apple.product-type.application";
		};
/* End PBXNativeTarget section */

/* Begin PBXProject section */
		609D07C11E88123B00D0B840 /* Project object */ = {
			isa = PBXProject;
			attributes = {
				LastUpgradeCheck = 0920;
				ORGANIZATIONNAME = mateusnbm;
				TargetAttributes = {
					609D07C81E88123B00D0B840 = {
						CreatedOnToolsVersion = 8.2;
						DevelopmentTeam = E45NCZ4KFV;
						ProvisioningStyle = Automatic;
						SystemCapabilities = {
							com.apple.InAppPurchase = {
								enabled = 1;
							};
						};
					};
				};
			};
			buildConfigurationList = 609D07C41E88123B00D0B840 /* Build configuration list for PBXProject "WatchFrame" */;
			compatibilityVersion = "Xcode 3.2";
			developmentRegion = English;
			hasScannedForEncodings = 0;
			knownRegions = (
				en,
				Base,
			);
			mainGroup = 609D07C01E88123B00D0B840;
			productRefGroup = 609D07CA1E88123B00D0B840 /* Products */;
			projectDirPath = "";
			projectRoot = "";
			targets = (
				609D07C81E88123B00D0B840 /* WatchFrame */,
			);
		};
/* End PBXProject section */

/* Begin PBXResourcesBuildPhase section */
		609D07C71E88123B00D0B840 /* Resources */ = {
			isa = PBXResourcesBuildPhase;
			buildActionMask = 2147483647;
			files = (
				60CAA2B91FF3595B00497FEB /* watch_rose_aluminum.png in Resources */,
				609D07EE1E88674700D0B840 /* MainWindow.xib in Resources */,
				60CAA2BB1FF3595B00497FEB /* watch_silver_aluminum.png in Resources */,
				60CAA2BA1FF3595B00497FEB /* watch_gold_aluminum.png in Resources */,
				60BE77B21FF0687D00F176C8 /* settings-icon@3x.png in Resources */,
				60CAA2BC1FF3595B00497FEB /* watch_space_gray_aluminum.png in Resources */,
				60CAA2B81FF3595B00497FEB /* watch_black_stainless_steel.png in Resources */,
				60BE77B31FF0687D00F176C8 /* settings-icon.png in Resources */,
				60CAA2BD1FF3595B00497FEB /* watch_stainless_steel.png in Resources */,
				609D07DC1E88123B00D0B840 /* LaunchScreen.storyboard in Resources */,
				60BE77B41FF0687D00F176C8 /* settings-icon@2x.png in Resources */,
				609D07D91E88123B00D0B840 /* Assets.xcassets in Resources */,
			);
			runOnlyForDeploymentPostprocessing = 0;
		};
/* End PBXResourcesBuildPhase section */

/* Begin PBXSourcesBuildPhase section */
		609D07C51E88123B00D0B840 /* Sources */ = {
			isa = PBXSourcesBuildPhase;
			buildActionMask = 2147483647;
			files = (
				609D07D11E88123B00D0B840 /* AppDelegate.m in Sources */,
				6091CCCA1FF96EC9002C9634 /* DarkTheme.m in Sources */,
				607EA8181FF60A7A0025ADD6 /* NSArray+Payments.m in Sources */,
				609872421FF45DD600F324FB /* AppCoordinator.m in Sources */,
				609B43F21FF57FBC008C4B57 /* WatchCases.m in Sources */,
				6002030D1FF6BFA200F2B996 /* IAPManager.m in Sources */,
				604A3CB61FF342B200E1FB45 /* SettingsViewController.m in Sources */,
				609872451FF4698E00F324FB /* RootCoordinator.m in Sources */,
				609872481FF4705C00F324FB /* RootViewController.m in Sources */,
				6098724B1FF4766B00F324FB /* SettingsCoordinator.m in Sources */,
				609D07CE1E88123B00D0B840 /* main.m in Sources */,
				6034FFC21FF306F000C1CE8B /* UIImage+BackgroundColor.m in Sources */,
				6091CCCD1FF96ED3002C9634 /* LightTheme.m in Sources */,
				6091CCC71FF96EAF002C9634 /* ThemeManager.m in Sources */,
			);
			runOnlyForDeploymentPostprocessing = 0;
		};
/* End PBXSourcesBuildPhase section */

/* Begin PBXVariantGroup section */
		609D07DA1E88123B00D0B840 /* LaunchScreen.storyboard */ = {
			isa = PBXVariantGroup;
			children = (
				609D07DB1E88123B00D0B840 /* Base */,
			);
			name = LaunchScreen.storyboard;
			sourceTree = "<group>";
		};
/* End PBXVariantGroup section */

/* Begin XCBuildConfiguration section */
		609D07DE1E88123B00D0B840 /* Debug */ = {
			isa = XCBuildConfiguration;
			buildSettings = {
				ALWAYS_SEARCH_USER_PATHS = NO;
				CLANG_ANALYZER_NONNULL = YES;
				CLANG_CXX_LANGUAGE_STANDARD = "gnu++0x";
				CLANG_CXX_LIBRARY = "libc++";
				CLANG_ENABLE_MODULES = YES;
				CLANG_ENABLE_OBJC_ARC = YES;
				CLANG_WARN_BLOCK_CAPTURE_AUTORELEASING = YES;
				CLANG_WARN_BOOL_CONVERSION = YES;
				CLANG_WARN_COMMA = YES;
				CLANG_WARN_CONSTANT_CONVERSION = YES;
				CLANG_WARN_DIRECT_OBJC_ISA_USAGE = YES_ERROR;
				CLANG_WARN_DOCUMENTATION_COMMENTS = YES;
				CLANG_WARN_EMPTY_BODY = YES;
				CLANG_WARN_ENUM_CONVERSION = YES;
				CLANG_WARN_INFINITE_RECURSION = YES;
				CLANG_WARN_INT_CONVERSION = YES;
				CLANG_WARN_NON_LITERAL_NULL_CONVERSION = YES;
				CLANG_WARN_OBJC_LITERAL_CONVERSION = YES;
				CLANG_WARN_OBJC_ROOT_CLASS = YES_ERROR;
				CLANG_WARN_RANGE_LOOP_ANALYSIS = YES;
				CLANG_WARN_STRICT_PROTOTYPES = YES;
				CLANG_WARN_SUSPICIOUS_MOVE = YES;
				CLANG_WARN_UNREACHABLE_CODE = YES;
				CLANG_WARN__DUPLICATE_METHOD_MATCH = YES;
				"CODE_SIGN_IDENTITY[sdk=iphoneos*]" = "iPhone Developer";
				COPY_PHASE_STRIP = NO;
				DEBUG_INFORMATION_FORMAT = dwarf;
				ENABLE_STRICT_OBJC_MSGSEND = YES;
				ENABLE_TESTABILITY = YES;
				GCC_C_LANGUAGE_STANDARD = gnu99;
				GCC_DYNAMIC_NO_PIC = NO;
				GCC_NO_COMMON_BLOCKS = YES;
				GCC_OPTIMIZATION_LEVEL = 0;
				GCC_PREPROCESSOR_DEFINITIONS = (
					"DEBUG=1",
					"$(inherited)",
				);
				GCC_WARN_64_TO_32_BIT_CONVERSION = YES;
				GCC_WARN_ABOUT_RETURN_TYPE = YES_ERROR;
				GCC_WARN_UNDECLARED_SELECTOR = YES;
				GCC_WARN_UNINITIALIZED_AUTOS = YES_AGGRESSIVE;
				GCC_WARN_UNUSED_FUNCTION = YES;
				GCC_WARN_UNUSED_VARIABLE = YES;
				IPHONEOS_DEPLOYMENT_TARGET = 10.2;
				MTL_ENABLE_DEBUG_INFO = YES;
				ONLY_ACTIVE_ARCH = YES;
				SDKROOT = iphoneos;
				TARGETED_DEVICE_FAMILY = "1,2";
			};
			name = Debug;
		};
		609D07DF1E88123B00D0B840 /* Release */ = {
			isa = XCBuildConfiguration;
			buildSettings = {
				ALWAYS_SEARCH_USER_PATHS = NO;
				CLANG_ANALYZER_NONNULL = YES;
				CLANG_CXX_LANGUAGE_STANDARD = "gnu++0x";
				CLANG_CXX_LIBRARY = "libc++";
				CLANG_ENABLE_MODULES = YES;
				CLANG_ENABLE_OBJC_ARC = YES;
				CLANG_WARN_BLOCK_CAPTURE_AUTORELEASING = YES;
				CLANG_WARN_BOOL_CONVERSION = YES;
				CLANG_WARN_COMMA = YES;
				CLANG_WARN_CONSTANT_CONVERSION = YES;
				CLANG_WARN_DIRECT_OBJC_ISA_USAGE = YES_ERROR;
				CLANG_WARN_DOCUMENTATION_COMMENTS = YES;
				CLANG_WARN_EMPTY_BODY = YES;
				CLANG_WARN_ENUM_CONVERSION = YES;
				CLANG_WARN_INFINITE_RECURSION = YES;
				CLANG_WARN_INT_CONVERSION = YES;
				CLANG_WARN_NON_LITERAL_NULL_CONVERSION = YES;
				CLANG_WARN_OBJC_LITERAL_CONVERSION = YES;
				CLANG_WARN_OBJC_ROOT_CLASS = YES_ERROR;
				CLANG_WARN_RANGE_LOOP_ANALYSIS = YES;
				CLANG_WARN_STRICT_PROTOTYPES = YES;
				CLANG_WARN_SUSPICIOUS_MOVE = YES;
				CLANG_WARN_UNREACHABLE_CODE = YES;
				CLANG_WARN__DUPLICATE_METHOD_MATCH = YES;
				"CODE_SIGN_IDENTITY[sdk=iphoneos*]" = "iPhone Developer";
				COPY_PHASE_STRIP = NO;
				DEBUG_INFORMATION_FORMAT = "dwarf-with-dsym";
				ENABLE_NS_ASSERTIONS = NO;
				ENABLE_STRICT_OBJC_MSGSEND = YES;
				GCC_C_LANGUAGE_STANDARD = gnu99;
				GCC_NO_COMMON_BLOCKS = YES;
				GCC_WARN_64_TO_32_BIT_CONVERSION = YES;
				GCC_WARN_ABOUT_RETURN_TYPE = YES_ERROR;
				GCC_WARN_UNDECLARED_SELECTOR = YES;
				GCC_WARN_UNINITIALIZED_AUTOS = YES_AGGRESSIVE;
				GCC_WARN_UNUSED_FUNCTION = YES;
				GCC_WARN_UNUSED_VARIABLE = YES;
				IPHONEOS_DEPLOYMENT_TARGET = 10.2;
				MTL_ENABLE_DEBUG_INFO = NO;
				SDKROOT = iphoneos;
				TARGETED_DEVICE_FAMILY = "1,2";
				VALIDATE_PRODUCT = YES;
			};
			name = Release;
		};
		609D07E11E88123B00D0B840 /* Debug */ = {
			isa = XCBuildConfiguration;
			buildSettings = {
				ASSETCATALOG_COMPILER_APPICON_NAME = AppIcon;
				DEVELOPMENT_TEAM = E45NCZ4KFV;
				INFOPLIST_FILE = WatchFrame/Info.plist;
				LD_RUNPATH_SEARCH_PATHS = "$(inherited) @executable_path/Frameworks";
				PRODUCT_BUNDLE_IDENTIFIER = mateusnbm.watchframe;
				PRODUCT_NAME = "$(TARGET_NAME)";
				TARGETED_DEVICE_FAMILY = 1;
			};
			name = Debug;
		};
		609D07E21E88123B00D0B840 /* Release */ = {
			isa = XCBuildConfiguration;
			buildSettings = {
				ASSETCATALOG_COMPILER_APPICON_NAME = AppIcon;
				DEVELOPMENT_TEAM = E45NCZ4KFV;
				INFOPLIST_FILE = WatchFrame/Info.plist;
				LD_RUNPATH_SEARCH_PATHS = "$(inherited) @executable_path/Frameworks";
				PRODUCT_BUNDLE_IDENTIFIER = mateusnbm.watchframe;
				PRODUCT_NAME = "$(TARGET_NAME)";
				TARGETED_DEVICE_FAMILY = 1;
			};
			name = Release;
		};
/* End XCBuildConfiguration section */

/* Begin XCConfigurationList section */
		609D07C41E88123B00D0B840 /* Build configuration list for PBXProject "WatchFrame" */ = {
			isa = XCConfigurationList;
			buildConfigurations = (
				609D07DE1E88123B00D0B840 /* Debug */,
				609D07DF1E88123B00D0B840 /* Release */,
			);
			defaultConfigurationIsVisible = 0;
			defaultConfigurationName = Release;
		};
		609D07E01E88123B00D0B840 /* Build configuration list for PBXNativeTarget "WatchFrame" */ = {
			isa = XCConfigurationList;
			buildConfigurations = (
				609D07E11E88123B00D0B840 /* Debug */,
				609D07E21E88123B00D0B840 /* Release */,
			);
			defaultConfigurationIsVisible = 0;
			defaultConfigurationName = Release;
		};
/* End XCConfigurationList section */
	};
	rootObject = 609D07C11E88123B00D0B840 /* Project object */;
}
